
Microsoft Visual Studio Solution File, Format Version 12.00
# Visual Studio Version 17
VisualStudioVersion = 17.6.33829.357
MinimumVisualStudioVersion = 10.0.40219.1
Project("{FAE04EC0-301F-11D3-BF4B-00C04F79EFBC}") = "Bank_Data_DLL", "Bank_Data_DLL\Bank_Data_DLL.csproj", "{03B62AF3-044A-4BBF-B75F-69F86249C813}"
EndProject
Project("{9A19103F-16F7-4668-BE54-9A1E7A4F7556}") = "Bank_Data_Web_Service", "Bank_Data_Web_Service\Bank_Data_Web_Service.csproj", "{382CBFB0-A3E3-44C8-B7D8-53A9EF21CCAF}"
EndProject
Global
	GlobalSection(SolutionConfigurationPlatforms) = preSolution
		Debug|Any CPU = Debug|Any CPU
		Release|Any CPU = Release|Any CPU
	EndGlobalSection
	GlobalSection(ProjectConfigurationPlatforms) = postSolution
		{03B62AF3-044A-4BBF-B75F-69F86249C813}.Debug|Any CPU.ActiveCfg = Debug|Any CPU
		{03B62AF3-044A-4BBF-B75F-69F86249C813}.Debug|Any CPU.Build.0 = Debug|Any CPU
		{03B62AF3-044A-4BBF-B75F-69F86249C813}.Release|Any CPU.ActiveCfg = Release|Any CPU
		{03B62AF3-044A-4BBF-B75F-69F86249C813}.Release|Any CPU.Build.0 = Release|Any CPU
		{382CBFB0-A3E3-44C8-B7D8-53A9EF21CCAF}.Debug|Any CPU.ActiveCfg = Debug|Any CPU
		{382CBFB0-A3E3-44C8-B7D8-53A9EF21CCAF}.Debug|Any CPU.Build.0 = Debug|Any CPU
		{382CBFB0-A3E3-44C8-B7D8-53A9EF21CCAF}.Release|Any CPU.ActiveCfg = Release|Any CPU
		{382CBFB0-A3E3-44C8-B7D8-53A9EF21CCAF}.Release|Any CPU.Build.0 = Release|Any CPU
	EndGlobalSection
	GlobalSection(SolutionProperties) = preSolution
		HideSolutionNode = FALSE
	EndGlobalSection
	GlobalSection(ExtensibilityGlobals) = postSolution
		SolutionGuid = {F82989CC-B436-4667-AA56-E72D1662A849}
	EndGlobalSection
EndGlobal
